
Microsoft Visual Studio Solution File, Format Version 11.00
# Visual Studio 2010
Project("{FAE04EC0-301F-11D3-BF4B-00C04F79EFBC}") = "HALupdater", "HALupdater.csproj", "{69D534E8-5546-43C8-865E-5D241D9FD75D}"
EndProject
Global
	GlobalSection(SolutionConfigurationPlatforms) = preSolution
		Debug|x86 = Debug|x86
		Portable|x86 = Portable|x86
		Release|x86 = Release|x86
		Standard|x86 = Standard|x86
	EndGlobalSection
	GlobalSection(ProjectConfigurationPlatforms) = postSolution
		{69D534E8-5546-43C8-865E-5D241D9FD75D}.Debug|x86.ActiveCfg = Debug|x86
		{69D534E8-5546-43C8-865E-5D241D9FD75D}.Debug|x86.Build.0 = Debug|x86
		{69D534E8-5546-43C8-865E-5D241D9FD75D}.Portable|x86.ActiveCfg = Portable|x86
		{69D534E8-5546-43C8-865E-5D241D9FD75D}.Portable|x86.Build.0 = Portable|x86
		{69D534E8-5546-43C8-865E-5D241D9FD75D}.Release|x86.ActiveCfg = Release|x86
		{69D534E8-5546-43C8-865E-5D241D9FD75D}.Release|x86.Build.0 = Release|x86
		{69D534E8-5546-43C8-865E-5D241D9FD75D}.Standard|x86.ActiveCfg = Standard|x86
		{69D534E8-5546-43C8-865E-5D241D9FD75D}.Standard|x86.Build.0 = Standard|x86
	EndGlobalSection
	GlobalSection(SolutionProperties) = preSolution
		HideSolutionNode = FALSE
	EndGlobalSection
EndGlobal
